{
	"name": "alexskunk",
	"version": "0.1.0-dev",
	"lockfileVersion": 3,
	"requires": true,
	"packages": {
		"": {
			"name": "alexskunk",
			"version": "0.1.0-dev",
			"license": "GNU AGPLv3",
			"dependencies": {
				"@napi-rs/canvas": "^0.1.51",
				"discord.js": "^14.15.3",
				"dotenv": "^16.4.5",
				"kysely": "^0.27.3",
				"node-pg-migrate": "^6.2.2",
				"pg": "^8.11.5",
				"source-map-support": "^0.5.21",
				"twemoji": "^14.0.2"
			},
			"devDependencies": {
				"@types/pg": "^8.11.4",
				"@types/source-map-support": "^0.5.10"
			}
		},
		"node_modules/@discordjs/builders": {
			"version": "1.8.2",
			"resolved": "https://registry.npmjs.org/@discordjs/builders/-/builders-1.8.2.tgz",
			"integrity": "sha512-6wvG3QaCjtMu0xnle4SoOIeFB4y6fKMN6WZfy3BMKJdQQtPLik8KGzDwBVL/+wTtcE/ZlFjgEk74GublyEVZ7g==",
			"dependencies": {
				"@discordjs/formatters": "^0.4.0",
				"@discordjs/util": "^1.1.0",
				"@sapphire/shapeshift": "^3.9.7",
				"discord-api-types": "0.37.83",
				"fast-deep-equal": "^3.1.3",
				"ts-mixer": "^6.0.4",
				"tslib": "^2.6.2"
			},
			"engines": {
				"node": ">=16.11.0"
			},
			"funding": {
				"url": "https://github.com/discordjs/discord.js?sponsor"
			}
		},
		"node_modules/@discordjs/collection": {
			"version": "2.1.0",
			"resolved": "https://registry.npmjs.org/@discordjs/collection/-/collection-2.1.0.tgz",
			"integrity": "sha512-mLcTACtXUuVgutoznkh6hS3UFqYirDYAg5Dc1m8xn6OvPjetnUlf/xjtqnnc47OwWdaoCQnHmHh9KofhD6uRqw==",
			"engines": {
				"node": ">=18"
			},
			"funding": {
				"url": "https://github.com/discordjs/discord.js?sponsor"
			}
		},
		"node_modules/@discordjs/formatters": {
			"version": "0.4.0",
			"resolved": "https://registry.npmjs.org/@discordjs/formatters/-/formatters-0.4.0.tgz",
			"integrity": "sha512-fJ06TLC1NiruF35470q3Nr1bi95BdvKFAF+T5bNfZJ4bNdqZ3VZ+Ttg6SThqTxm6qumSG3choxLBHMC69WXNXQ==",
			"dependencies": {
				"discord-api-types": "0.37.83"
			},
			"engines": {
				"node": ">=16.11.0"
			},
			"funding": {
				"url": "https://github.com/discordjs/discord.js?sponsor"
			}
		},
		"node_modules/@discordjs/rest": {
			"version": "2.3.0",
			"resolved": "https://registry.npmjs.org/@discordjs/rest/-/rest-2.3.0.tgz",
			"integrity": "sha512-C1kAJK8aSYRv3ZwMG8cvrrW4GN0g5eMdP8AuN8ODH5DyOCbHgJspze1my3xHOAgwLJdKUbWNVyAeJ9cEdduqIg==",
			"dependencies": {
				"@discordjs/collection": "^2.1.0",
				"@discordjs/util": "^1.1.0",
				"@sapphire/async-queue": "^1.5.2",
				"@sapphire/snowflake": "^3.5.3",
				"@vladfrangu/async_event_emitter": "^2.2.4",
				"discord-api-types": "0.37.83",
				"magic-bytes.js": "^1.10.0",
				"tslib": "^2.6.2",
				"undici": "6.13.0"
			},
			"engines": {
				"node": ">=16.11.0"
			},
			"funding": {
				"url": "https://github.com/discordjs/discord.js?sponsor"
			}
		},
		"node_modules/@discordjs/util": {
			"version": "1.1.0",
			"resolved": "https://registry.npmjs.org/@discordjs/util/-/util-1.1.0.tgz",
			"integrity": "sha512-IndcI5hzlNZ7GS96RV3Xw1R2kaDuXEp7tRIy/KlhidpN/BQ1qh1NZt3377dMLTa44xDUNKT7hnXkA/oUAzD/lg==",
			"engines": {
				"node": ">=16.11.0"
			},
			"funding": {
				"url": "https://github.com/discordjs/discord.js?sponsor"
			}
		},
		"node_modules/@discordjs/ws": {
			"version": "1.1.1",
			"resolved": "https://registry.npmjs.org/@discordjs/ws/-/ws-1.1.1.tgz",
			"integrity": "sha512-PZ+vLpxGCRtmr2RMkqh8Zp+BenUaJqlS6xhgWKEZcgC/vfHLEzpHtKkB0sl3nZWpwtcKk6YWy+pU3okL2I97FA==",
			"dependencies": {
				"@discordjs/collection": "^2.1.0",
				"@discordjs/rest": "^2.3.0",
				"@discordjs/util": "^1.1.0",
				"@sapphire/async-queue": "^1.5.2",
				"@types/ws": "^8.5.10",
				"@vladfrangu/async_event_emitter": "^2.2.4",
				"discord-api-types": "0.37.83",
				"tslib": "^2.6.2",
				"ws": "^8.16.0"
			},
			"engines": {
				"node": ">=16.11.0"
			},
			"funding": {
				"url": "https://github.com/discordjs/discord.js?sponsor"
			}
		},
		"node_modules/@napi-rs/canvas": {
			"version": "0.1.51",
			"resolved": "https://registry.npmjs.org/@napi-rs/canvas/-/canvas-0.1.51.tgz",
			"integrity": "sha512-9cD1BQk0kPrdLxdSPFEL7c9oeNPGZLEDn2F/Ctui7hoIdJLRm34BSW5/88UJbmgWVLM5+Ju/XKM1Rny3z3bhfQ==",
			"engines": {
				"node": ">= 10"
			},
			"optionalDependencies": {
				"@napi-rs/canvas-android-arm64": "0.1.51",
				"@napi-rs/canvas-darwin-arm64": "0.1.51",
				"@napi-rs/canvas-darwin-x64": "0.1.51",
				"@napi-rs/canvas-linux-arm-gnueabihf": "0.1.51",
				"@napi-rs/canvas-linux-arm64-gnu": "0.1.51",
				"@napi-rs/canvas-linux-arm64-musl": "0.1.51",
				"@napi-rs/canvas-linux-x64-gnu": "0.1.51",
				"@napi-rs/canvas-linux-x64-musl": "0.1.51",
				"@napi-rs/canvas-win32-x64-msvc": "0.1.51"
			}
		},
		"node_modules/@napi-rs/canvas-android-arm64": {
			"version": "0.1.51",
			"resolved": "https://registry.npmjs.org/@napi-rs/canvas-android-arm64/-/canvas-android-arm64-0.1.51.tgz",
			"integrity": "sha512-PAUA67PN+DuhvudfeIK+Ts9jnKhqgBrQkoZL9i9gV5tG3064bKOss7AJONGbDWOaSVSrmv6by1vsS25uputLYg==",
			"cpu": [
				"arm64"
			],
			"optional": true,
			"os": [
				"android"
			],
			"engines": {
				"node": ">= 10"
			}
		},
		"node_modules/@napi-rs/canvas-darwin-arm64": {
			"version": "0.1.51",
			"resolved": "https://registry.npmjs.org/@napi-rs/canvas-darwin-arm64/-/canvas-darwin-arm64-0.1.51.tgz",
			"integrity": "sha512-HUSeqDqwxGRZ/XwEHdVj1V0d6qhHkMZnmkxZz1dUA1Qe5cl18TzW5LUq03yt4/zP/fYfjkqXCPchRYJoQiXc6g==",
			"cpu": [
				"arm64"
			],
			"optional": true,
			"os": [
				"darwin"
			],
			"engines": {
				"node": ">= 10"
			}
		},
		"node_modules/@napi-rs/canvas-darwin-x64": {
			"version": "0.1.51",
			"resolved": "https://registry.npmjs.org/@napi-rs/canvas-darwin-x64/-/canvas-darwin-x64-0.1.51.tgz",
			"integrity": "sha512-HuppKkD3B+DWSAdAvrJjPhuqSX4zZv4kdw9+LDAoNvoYbq1USn96MnwYdIuH+XxNswuVsdBiB45hfK7elLLWjA==",
			"cpu": [
				"x64"
			],
			"optional": true,
			"os": [
				"darwin"
			],
			"engines": {
				"node": ">= 10"
			}
		},
		"node_modules/@napi-rs/canvas-linux-arm-gnueabihf": {
			"version": "0.1.51",
			"resolved": "https://registry.npmjs.org/@napi-rs/canvas-linux-arm-gnueabihf/-/canvas-linux-arm-gnueabihf-0.1.51.tgz",
			"integrity": "sha512-Dr92419tDE0E8/bIWT3rdTzAj+C7ySP9HIwtvxTx+X7vJO3G7+D8fTYHe1TpYtiBq81RcMmcqLbpl5DXAPNuIw==",
			"cpu": [
				"arm"
			],
			"optional": true,
			"os": [
				"linux"
			],
			"engines": {
				"node": ">= 10"
			}
		},
		"node_modules/@napi-rs/canvas-linux-arm64-gnu": {
			"version": "0.1.51",
			"resolved": "https://registry.npmjs.org/@napi-rs/canvas-linux-arm64-gnu/-/canvas-linux-arm64-gnu-0.1.51.tgz",
			"integrity": "sha512-swv6JPtL72UYc3sne52QvYJ8aU8FQ0OZ3kGrLa7M9u4FUJJREnQ1MhqA8vj1IrdxUIeBZvBvakk+koiA7o/eXw==",
			"cpu": [
				"arm64"
			],
			"optional": true,
			"os": [
				"linux"
			],
			"engines": {
				"node": ">= 10"
			}
		},
		"node_modules/@napi-rs/canvas-linux-arm64-musl": {
			"version": "0.1.51",
			"resolved": "https://registry.npmjs.org/@napi-rs/canvas-linux-arm64-musl/-/canvas-linux-arm64-musl-0.1.51.tgz",
			"integrity": "sha512-dKhVNJ3DGX+vf0EnQ6356suRAT3BPxfcmV6DzDjONro54eDoJM1UCb4Ujamq7aCcVu9aYIIoed8i7GNRDknfTA==",
			"cpu": [
				"arm64"
			],
			"optional": true,
			"os": [
				"linux"
			],
			"engines": {
				"node": ">= 10"
			}
		},
		"node_modules/@napi-rs/canvas-linux-x64-gnu": {
			"version": "0.1.51",
			"resolved": "https://registry.npmjs.org/@napi-rs/canvas-linux-x64-gnu/-/canvas-linux-x64-gnu-0.1.51.tgz",
			"integrity": "sha512-g6SCDxT1glof0GcZVbfqLEWQQChRulM+pKJW2p2GquCi//MFwqVsjiD9Pld77FYjiXnXfLHavGNZ0oh0AdZM/A==",
			"cpu": [
				"x64"
			],
			"optional": true,
			"os": [
				"linux"
			],
			"engines": {
				"node": ">= 10"
			}
		},
		"node_modules/@napi-rs/canvas-linux-x64-musl": {
			"version": "0.1.51",
			"resolved": "https://registry.npmjs.org/@napi-rs/canvas-linux-x64-musl/-/canvas-linux-x64-musl-0.1.51.tgz",
			"integrity": "sha512-YFklknFT2Mj6Wx15NpWag8GKNjC/ca/Uap7Pb56pt0lLe1Vz2/JLxiolmUwnuAN/xcdwuIpUGKmEeLqc4W+/+w==",
			"cpu": [
				"x64"
			],
			"optional": true,
			"os": [
				"linux"
			],
			"engines": {
				"node": ">= 10"
			}
		},
		"node_modules/@napi-rs/canvas-win32-x64-msvc": {
			"version": "0.1.51",
			"resolved": "https://registry.npmjs.org/@napi-rs/canvas-win32-x64-msvc/-/canvas-win32-x64-msvc-0.1.51.tgz",
			"integrity": "sha512-n+sgQ6hr1hgxAFIozUhgSlsswFxOl51HNuMAz1EA9M+jh6yIMopO+6RV55j6yYX0Vxkqbj9wkkaEIC3uQisGAg==",
			"cpu": [
				"x64"
			],
			"optional": true,
			"os": [
				"win32"
			],
			"engines": {
				"node": ">= 10"
			}
		},
		"node_modules/@sapphire/async-queue": {
			"version": "1.5.2",
			"resolved": "https://registry.npmjs.org/@sapphire/async-queue/-/async-queue-1.5.2.tgz",
			"integrity": "sha512-7X7FFAA4DngXUl95+hYbUF19bp1LGiffjJtu7ygrZrbdCSsdDDBaSjB7Akw0ZbOu6k0xpXyljnJ6/RZUvLfRdg==",
			"engines": {
				"node": ">=v14.0.0",
				"npm": ">=7.0.0"
			}
		},
		"node_modules/@sapphire/shapeshift": {
			"version": "3.9.7",
			"resolved": "https://registry.npmjs.org/@sapphire/shapeshift/-/shapeshift-3.9.7.tgz",
			"integrity": "sha512-4It2mxPSr4OGn4HSQWGmhFMsNFGfFVhWeRPCRwbH972Ek2pzfGRZtb0pJ4Ze6oIzcyh2jw7nUDa6qGlWofgd9g==",
			"dependencies": {
				"fast-deep-equal": "^3.1.3",
				"lodash": "^4.17.21"
			},
			"engines": {
				"node": ">=v16"
			}
		},
		"node_modules/@sapphire/snowflake": {
			"version": "3.5.3",
			"resolved": "https://registry.npmjs.org/@sapphire/snowflake/-/snowflake-3.5.3.tgz",
			"integrity": "sha512-jjmJywLAFoWeBi1W7994zZyiNWPIiqRRNAmSERxyg93xRGzNYvGjlZ0gR6x0F4gPRi2+0O6S71kOZYyr3cxaIQ==",
			"engines": {
				"node": ">=v14.0.0",
				"npm": ">=7.0.0"
			}
		},
		"node_modules/@types/node": {
			"version": "20.1.5",
			"resolved": "https://registry.npmjs.org/@types/node/-/node-20.1.5.tgz",
			"integrity": "sha512-IvGD1CD/nego63ySR7vrAKEX3AJTcmrAN2kn+/sDNLi1Ff5kBzDeEdqWDplK+0HAEoLYej137Sk0cUU8OLOlMg=="
		},
		"node_modules/@types/pg": {
			"version": "8.11.4",
			"resolved": "https://registry.npmjs.org/@types/pg/-/pg-8.11.4.tgz",
			"integrity": "sha512-yw3Bwbda6vO+NvI1Ue/YKOwtl31AYvvd/e73O3V4ZkNzuGpTDndLSyc0dQRB2xrQqDePd20pEGIfqSp/GH3pRw==",
			"dependencies": {
				"@types/node": "*",
				"pg-protocol": "*",
				"pg-types": "^4.0.1"
			}
		},
		"node_modules/@types/pg/node_modules/pg-types": {
			"version": "4.0.1",
			"resolved": "https://registry.npmjs.org/pg-types/-/pg-types-4.0.1.tgz",
			"integrity": "sha512-hRCSDuLII9/LE3smys1hRHcu5QGcLs9ggT7I/TCs0IE+2Eesxi9+9RWAAwZ0yaGjxoWICF/YHLOEjydGujoJ+g==",
			"dependencies": {
				"pg-int8": "1.0.1",
				"pg-numeric": "1.0.2",
				"postgres-array": "~3.0.1",
				"postgres-bytea": "~3.0.0",
				"postgres-date": "~2.0.1",
				"postgres-interval": "^3.0.0",
				"postgres-range": "^1.1.1"
			},
			"engines": {
				"node": ">=10"
			}
		},
		"node_modules/@types/pg/node_modules/postgres-array": {
			"version": "3.0.2",
			"resolved": "https://registry.npmjs.org/postgres-array/-/postgres-array-3.0.2.tgz",
			"integrity": "sha512-6faShkdFugNQCLwucjPcY5ARoW1SlbnrZjmGl0IrrqewpvxvhSLHimCVzqeuULCbG0fQv7Dtk1yDbG3xv7Veog==",
			"engines": {
				"node": ">=12"
			}
		},
		"node_modules/@types/pg/node_modules/postgres-bytea": {
			"version": "3.0.0",
			"resolved": "https://registry.npmjs.org/postgres-bytea/-/postgres-bytea-3.0.0.tgz",
			"integrity": "sha512-CNd4jim9RFPkObHSjVHlVrxoVQXz7quwNFpz7RY1okNNme49+sVyiTvTRobiLV548Hx/hb1BG+iE7h9493WzFw==",
			"dependencies": {
				"obuf": "~1.1.2"
			},
			"engines": {
				"node": ">= 6"
			}
		},
		"node_modules/@types/pg/node_modules/postgres-date": {
			"version": "2.0.1",
			"resolved": "https://registry.npmjs.org/postgres-date/-/postgres-date-2.0.1.tgz",
			"integrity": "sha512-YtMKdsDt5Ojv1wQRvUhnyDJNSr2dGIC96mQVKz7xufp07nfuFONzdaowrMHjlAzY6GDLd4f+LUHHAAM1h4MdUw==",
			"engines": {
				"node": ">=12"
			}
		},
		"node_modules/@types/pg/node_modules/postgres-interval": {
			"version": "3.0.0",
			"resolved": "https://registry.npmjs.org/postgres-interval/-/postgres-interval-3.0.0.tgz",
			"integrity": "sha512-BSNDnbyZCXSxgA+1f5UU2GmwhoI0aU5yMxRGO8CdFEcY2BQF9xm/7MqKnYoM1nJDk8nONNWDk9WeSmePFhQdlw==",
			"engines": {
				"node": ">=12"
			}
		},
		"node_modules/@types/source-map-support": {
			"version": "0.5.10",
			"resolved": "https://registry.npmjs.org/@types/source-map-support/-/source-map-support-0.5.10.tgz",
			"integrity": "sha512-tgVP2H469x9zq34Z0m/fgPewGhg/MLClalNOiPIzQlXrSS2YrKu/xCdSCKnEDwkFha51VKEKB6A9wW26/ZNwzA==",
			"dev": true,
			"dependencies": {
				"source-map": "^0.6.0"
			}
		},
		"node_modules/@types/ws": {
			"version": "8.5.10",
			"resolved": "https://registry.npmjs.org/@types/ws/-/ws-8.5.10.tgz",
			"integrity": "sha512-vmQSUcfalpIq0R9q7uTo2lXs6eGIpt9wtnLdMv9LVpIjCA/+ufZRozlVoVelIYixx1ugCBKDhn89vnsEGOCx9A==",
			"dependencies": {
				"@types/node": "*"
			}
		},
		"node_modules/@vladfrangu/async_event_emitter": {
			"version": "2.2.4",
			"resolved": "https://registry.npmjs.org/@vladfrangu/async_event_emitter/-/async_event_emitter-2.2.4.tgz",
			"integrity": "sha512-ButUPz9E9cXMLgvAW8aLAKKJJsPu1dY1/l/E8xzLFuysowXygs6GBcyunK9rnGC4zTsnIc2mQo71rGw9U+Ykug==",
			"engines": {
				"node": ">=v14.0.0",
				"npm": ">=7.0.0"
			}
		},
		"node_modules/ansi-regex": {
			"version": "5.0.1",
			"resolved": "https://registry.npmjs.org/ansi-regex/-/ansi-regex-5.0.1.tgz",
			"integrity": "sha512-quJQXlTSUGL2LH9SUXo8VwsY4soanhgo6LNSm84E1LBcE8s3O0wpdiRzyR9z/ZZJMlMWv37qOOb9pdJlMUEKFQ==",
			"engines": {
				"node": ">=8"
			}
		},
		"node_modules/ansi-styles": {
			"version": "4.3.0",
			"resolved": "https://registry.npmjs.org/ansi-styles/-/ansi-styles-4.3.0.tgz",
			"integrity": "sha512-zbB9rCJAT1rbjiVDb2hqKFHNYLxgtk8NURxZ3IZwD3F6NtxbXZQCnnSi1Lkx+IDohdPlFp222wVALIheZJQSEg==",
			"dependencies": {
				"color-convert": "^2.0.1"
			},
			"engines": {
				"node": ">=8"
			},
			"funding": {
				"url": "https://github.com/chalk/ansi-styles?sponsor=1"
			}
		},
		"node_modules/ansi-styles/node_modules/color-convert": {
			"version": "2.0.1",
			"resolved": "https://registry.npmjs.org/color-convert/-/color-convert-2.0.1.tgz",
			"integrity": "sha512-RRECPsj7iu/xb5oKYcsFHSppFNnsj/52OVTRKb4zP5onXwVF3zVmmToNcOfGC+CRDpfK/U584fMg38ZHCaElKQ==",
			"dependencies": {
				"color-name": "~1.1.4"
			},
			"engines": {
				"node": ">=7.0.0"
			}
		},
		"node_modules/ansi-styles/node_modules/color-name": {
			"version": "1.1.4",
			"resolved": "https://registry.npmjs.org/color-name/-/color-name-1.1.4.tgz",
			"integrity": "sha512-dOy+3AuW3a2wNbZHIuMZpTcgjGuLU/uBL/ubcZF9OXbDo8ff4O8yVp5Bf0efS8uEoYo5q4Fx7dY9OgQGXgAsQA=="
		},
		"node_modules/buffer-from": {
			"version": "1.1.2",
			"resolved": "https://registry.npmjs.org/buffer-from/-/buffer-from-1.1.2.tgz",
			"integrity": "sha512-E+XQCRwSbaaiChtv6k6Dwgc+bx+Bs6vuKJHHl5kox/BaKbhiXzqQOwK4cO22yElGp2OCmjwVhT3HmxgyPGnJfQ=="
		},
		"node_modules/cliui": {
			"version": "7.0.4",
			"resolved": "https://registry.npmjs.org/cliui/-/cliui-7.0.4.tgz",
			"integrity": "sha512-OcRE68cOsVMXp1Yvonl/fzkQOyjLSu/8bhPDfQt0e0/Eb283TKP20Fs2MqoPsr9SwA595rRCA+QMzYc9nBP+JQ==",
			"dependencies": {
				"string-width": "^4.2.0",
				"strip-ansi": "^6.0.0",
				"wrap-ansi": "^7.0.0"
			}
		},
		"node_modules/decamelize": {
			"version": "5.0.1",
			"resolved": "https://registry.npmjs.org/decamelize/-/decamelize-5.0.1.tgz",
			"integrity": "sha512-VfxadyCECXgQlkoEAjeghAr5gY3Hf+IKjKb+X8tGVDtveCjN+USwprd2q3QXBR9T1+x2DG0XZF5/w+7HAtSaXA==",
			"engines": {
				"node": ">=10"
			},
			"funding": {
				"url": "https://github.com/sponsors/sindresorhus"
			}
		},
		"node_modules/discord-api-types": {
			"version": "0.37.83",
			"resolved": "https://registry.npmjs.org/discord-api-types/-/discord-api-types-0.37.83.tgz",
			"integrity": "sha512-urGGYeWtWNYMKnYlZnOnDHm8fVRffQs3U0SpE8RHeiuLKb/u92APS8HoQnPTFbnXmY1vVnXjXO4dOxcAn3J+DA=="
		},
		"node_modules/discord.js": {
			"version": "14.15.3",
			"resolved": "https://registry.npmjs.org/discord.js/-/discord.js-14.15.3.tgz",
			"integrity": "sha512-/UJDQO10VuU6wQPglA4kz2bw2ngeeSbogiIPx/TsnctfzV/tNf+q+i1HlgtX1OGpeOBpJH9erZQNO5oRM2uAtQ==",
			"dependencies": {
				"@discordjs/builders": "^1.8.2",
				"@discordjs/collection": "1.5.3",
				"@discordjs/formatters": "^0.4.0",
				"@discordjs/rest": "^2.3.0",
				"@discordjs/util": "^1.1.0",
				"@discordjs/ws": "^1.1.1",
				"@sapphire/snowflake": "3.5.3",
				"discord-api-types": "0.37.83",
				"fast-deep-equal": "3.1.3",
				"lodash.snakecase": "4.1.1",
				"tslib": "2.6.2",
				"undici": "6.13.0"
			},
			"engines": {
				"node": ">=16.11.0"
			},
			"funding": {
				"url": "https://github.com/discordjs/discord.js?sponsor"
			}
		},
		"node_modules/discord.js/node_modules/@discordjs/collection": {
			"version": "1.5.3",
			"resolved": "https://registry.npmjs.org/@discordjs/collection/-/collection-1.5.3.tgz",
			"integrity": "sha512-SVb428OMd3WO1paV3rm6tSjM4wC+Kecaa1EUGX7vc6/fddvw/6lg90z4QtCqm21zvVe92vMMDt9+DkIvjXImQQ==",
			"engines": {
				"node": ">=16.11.0"
			}
		},
		"node_modules/dotenv": {
			"version": "16.4.5",
			"resolved": "https://registry.npmjs.org/dotenv/-/dotenv-16.4.5.tgz",
			"integrity": "sha512-ZmdL2rui+eB2YwhsWzjInR8LldtZHGDoQ1ugH85ppHKwpUHL7j7rN0Ti9NCnGiQbhaZ11FpR+7ao1dNsmduNUg==",
			"engines": {
				"node": ">=12"
			},
			"funding": {
				"url": "https://dotenvx.com"
			}
		},
		"node_modules/emoji-regex": {
			"version": "8.0.0",
			"resolved": "https://registry.npmjs.org/emoji-regex/-/emoji-regex-8.0.0.tgz",
			"integrity": "sha512-MSjYzcWNOA0ewAHpz0MxpYFvwg6yjy1NG3xteoqz644VCo/RPgnr1/GGt+ic3iJTzQ8Eu3TdM14SawnVUmGE6A=="
		},
		"node_modules/escalade": {
			"version": "3.1.1",
			"resolved": "https://registry.npmjs.org/escalade/-/escalade-3.1.1.tgz",
			"integrity": "sha512-k0er2gUkLf8O0zKJiAhmkTnJlTvINGv7ygDNPbeIsX/TJjGJZHuh9B2UxbsaEkmlEo9MfhrSzmhIlhRlI2GXnw==",
			"engines": {
				"node": ">=6"
			}
		},
		"node_modules/fast-deep-equal": {
			"version": "3.1.3",
			"resolved": "https://registry.npmjs.org/fast-deep-equal/-/fast-deep-equal-3.1.3.tgz",
			"integrity": "sha512-f3qQ9oQy9j2AhBe/H9VC91wLmKBCCU/gDOnKNAYG5hswO7BLKj09Hc5HYNz9cGI++xlpDCIgDaitVs03ATR84Q=="
		},
		"node_modules/fs-extra": {
			"version": "8.1.0",
			"resolved": "https://registry.npmjs.org/fs-extra/-/fs-extra-8.1.0.tgz",
			"integrity": "sha512-yhlQgA6mnOJUKOsRUFsgJdQCvkKhcz8tlZG5HBQfReYZy46OwLcY+Zia0mtdHsOo9y/hP+CxMN0TU9QxoOtG4g==",
			"dependencies": {
				"graceful-fs": "^4.2.0",
				"jsonfile": "^4.0.0",
				"universalify": "^0.1.0"
			},
			"engines": {
				"node": ">=6 <7 || >=8"
			}
		},
		"node_modules/fs-extra/node_modules/jsonfile": {
			"version": "4.0.0",
			"resolved": "https://registry.npmjs.org/jsonfile/-/jsonfile-4.0.0.tgz",
			"integrity": "sha512-m6F1R3z8jjlf2imQHS2Qez5sjKWQzbuuhuJ/FKYFRZvPE3PuHcSMVZzfsLhGVOkfd20obL5SWEBew5ShlquNxg==",
			"optionalDependencies": {
				"graceful-fs": "^4.1.6"
			}
		},
		"node_modules/get-caller-file": {
			"version": "2.0.5",
			"resolved": "https://registry.npmjs.org/get-caller-file/-/get-caller-file-2.0.5.tgz",
			"integrity": "sha512-DyFP3BM/3YHTQOCUL/w0OZHR0lpKeGrxotcHWcqNEdnltqFwXVfhEBQ94eIo34AfQpo0rGki4cyIiftY06h2Fg==",
			"engines": {
				"node": "6.* || 8.* || >= 10.*"
			}
		},
		"node_modules/graceful-fs": {
			"version": "4.2.11",
			"resolved": "https://registry.npmjs.org/graceful-fs/-/graceful-fs-4.2.11.tgz",
			"integrity": "sha512-RbJ5/jmFcNNCcDV5o9eTnBLJ/HszWV0P73bc+Ff4nS/rJj+YaS6IGyiOL0VoBYX+l1Wrl3k63h/KrH+nhJ0XvQ=="
		},
		"node_modules/is-fullwidth-code-point": {
			"version": "3.0.0",
			"resolved": "https://registry.npmjs.org/is-fullwidth-code-point/-/is-fullwidth-code-point-3.0.0.tgz",
			"integrity": "sha512-zymm5+u+sCsSWyD9qNaejV3DFvhCKclKdizYaJUuHA83RLjb7nSuGnddCHGv0hk+KY7BMAlsWeK4Ueg6EV6XQg==",
			"engines": {
				"node": ">=8"
			}
		},
		"node_modules/jsonfile": {
			"version": "5.0.0",
			"resolved": "https://registry.npmjs.org/jsonfile/-/jsonfile-5.0.0.tgz",
			"integrity": "sha512-NQRZ5CRo74MhMMC3/3r5g2k4fjodJ/wh8MxjFbCViWKFjxrnudWSY5vomh+23ZaXzAS7J3fBZIR2dV6WbmfM0w==",
			"dependencies": {
				"universalify": "^0.1.2"
			},
			"optionalDependencies": {
				"graceful-fs": "^4.1.6"
			}
		},
		"node_modules/kysely": {
			"version": "0.27.3",
			"resolved": "https://registry.npmjs.org/kysely/-/kysely-0.27.3.tgz",
			"integrity": "sha512-lG03Ru+XyOJFsjH3OMY6R/9U38IjDPfnOfDgO3ynhbDr+Dz8fak+X6L62vqu3iybQnj+lG84OttBuU9KY3L9kA==",
			"engines": {
				"node": ">=14.0.0"
			}
		},
		"node_modules/lodash": {
			"version": "4.17.21",
			"resolved": "https://registry.npmjs.org/lodash/-/lodash-4.17.21.tgz",
			"integrity": "sha512-v2kDEe57lecTulaDIuNTPy3Ry4gLGJ6Z1O3vE1krgXZNrsQ+LFTGHVxVjcXPs17LhbZVGedAJv8XZ1tvj5FvSg=="
		},
		"node_modules/lodash.snakecase": {
			"version": "4.1.1",
			"resolved": "https://registry.npmjs.org/lodash.snakecase/-/lodash.snakecase-4.1.1.tgz",
			"integrity": "sha512-QZ1d4xoBHYUeuouhEq3lk3Uq7ldgyFXGBhg04+oRLnIz8o9T65Eh+8YdroUwn846zchkA9yDsDl5CVVaV2nqYw=="
		},
		"node_modules/magic-bytes.js": {
			"version": "1.10.0",
			"resolved": "https://registry.npmjs.org/magic-bytes.js/-/magic-bytes.js-1.10.0.tgz",
			"integrity": "sha512-/k20Lg2q8LE5xiaaSkMXk4sfvI+9EGEykFS4b0CHHGWqDYU0bGUFSwchNOMA56D7TCs9GwVTkqe9als1/ns8UQ=="
		},
		"node_modules/mkdirp": {
			"version": "1.0.4",
			"resolved": "https://registry.npmjs.org/mkdirp/-/mkdirp-1.0.4.tgz",
			"integrity": "sha512-vVqVZQyf3WLx2Shd0qJ9xuvqgAyKPLAiqITEtqW0oIUjzo3PePDd6fW9iFz30ef7Ysp/oiWqbhszeGWW2T6Gzw==",
			"bin": {
				"mkdirp": "bin/cmd.js"
			},
			"engines": {
				"node": ">=10"
			}
		},
		"node_modules/node-pg-migrate": {
			"version": "6.2.2",
			"resolved": "https://registry.npmjs.org/node-pg-migrate/-/node-pg-migrate-6.2.2.tgz",
			"integrity": "sha512-0WYLTXpWu2doeZhiwJUW/1u21OqAFU2CMQ8YZ8VBcJ0xrdqYAjtd8GGFe5A5DM4NJdIZsqJcLPDFqY0FQsmivw==",
			"dependencies": {
				"@types/pg": "^8.0.0",
				"decamelize": "^5.0.0",
				"mkdirp": "~1.0.0",
				"yargs": "~17.3.0"
			},
			"bin": {
				"node-pg-migrate": "bin/node-pg-migrate"
			},
			"engines": {
				"node": ">=12.20.0"
			},
			"peerDependencies": {
				"pg": ">=4.3.0 <9.0.0"
			}
		},
		"node_modules/obuf": {
			"version": "1.1.2",
			"resolved": "https://registry.npmjs.org/obuf/-/obuf-1.1.2.tgz",
			"integrity": "sha512-PX1wu0AmAdPqOL1mWhqmlOd8kOIZQwGZw6rh7uby9fTc5lhaOWFLX3I6R1hrF9k3zUY40e6igsLGkDXK92LJNg=="
		},
		"node_modules/pg": {
			"version": "8.11.5",
			"resolved": "https://registry.npmjs.org/pg/-/pg-8.11.5.tgz",
			"integrity": "sha512-jqgNHSKL5cbDjFlHyYsCXmQDrfIX/3RsNwYqpd4N0Kt8niLuNoRNH+aazv6cOd43gPh9Y4DjQCtb+X0MH0Hvnw==",
			"dependencies": {
				"pg-connection-string": "^2.6.4",
				"pg-pool": "^3.6.2",
				"pg-protocol": "^1.6.1",
				"pg-types": "^2.1.0",
				"pgpass": "1.x"
			},
			"engines": {
				"node": ">= 8.0.0"
			},
			"optionalDependencies": {
				"pg-cloudflare": "^1.1.1"
			},
			"peerDependencies": {
				"pg-native": ">=3.0.1"
			},
			"peerDependenciesMeta": {
				"pg-native": {
					"optional": true
				}
			}
		},
		"node_modules/pg-cloudflare": {
			"version": "1.1.1",
			"resolved": "https://registry.npmjs.org/pg-cloudflare/-/pg-cloudflare-1.1.1.tgz",
			"integrity": "sha512-xWPagP/4B6BgFO+EKz3JONXv3YDgvkbVrGw2mTo3D6tVDQRh1e7cqVGvyR3BE+eQgAvx1XhW/iEASj4/jCWl3Q==",
			"optional": true
		},
		"node_modules/pg-connection-string": {
			"version": "2.6.4",
			"resolved": "https://registry.npmjs.org/pg-connection-string/-/pg-connection-string-2.6.4.tgz",
			"integrity": "sha512-v+Z7W/0EO707aNMaAEfiGnGL9sxxumwLl2fJvCQtMn9Fxsg+lPpPkdcyBSv/KFgpGdYkMfn+EI1Or2EHjpgLCA=="
		},
		"node_modules/pg-int8": {
			"version": "1.0.1",
			"resolved": "https://registry.npmjs.org/pg-int8/-/pg-int8-1.0.1.tgz",
			"integrity": "sha512-WCtabS6t3c8SkpDBUlb1kjOs7l66xsGdKpIPZsg4wR+B3+u9UAum2odSsF9tnvxg80h4ZxLWMy4pRjOsFIqQpw==",
			"engines": {
				"node": ">=4.0.0"
			}
		},
		"node_modules/pg-numeric": {
			"version": "1.0.2",
			"resolved": "https://registry.npmjs.org/pg-numeric/-/pg-numeric-1.0.2.tgz",
			"integrity": "sha512-BM/Thnrw5jm2kKLE5uJkXqqExRUY/toLHda65XgFTBTFYZyopbKjBe29Ii3RbkvlsMoFwD+tHeGaCjjv0gHlyw==",
			"engines": {
				"node": ">=4"
			}
		},
		"node_modules/pg-pool": {
			"version": "3.6.2",
			"resolved": "https://registry.npmjs.org/pg-pool/-/pg-pool-3.6.2.tgz",
			"integrity": "sha512-Htjbg8BlwXqSBQ9V8Vjtc+vzf/6fVUuak/3/XXKA9oxZprwW3IMDQTGHP+KDmVL7rtd+R1QjbnCFPuTHm3G4hg==",
			"peerDependencies": {
				"pg": ">=8.0"
			}
		},
		"node_modules/pg-protocol": {
			"version": "1.6.1",
			"resolved": "https://registry.npmjs.org/pg-protocol/-/pg-protocol-1.6.1.tgz",
			"integrity": "sha512-jPIlvgoD63hrEuihvIg+tJhoGjUsLPn6poJY9N5CnlPd91c2T18T/9zBtLxZSb1EhYxBRoZJtzScCaWlYLtktg=="
		},
		"node_modules/pg-types": {
			"version": "2.2.0",
			"resolved": "https://registry.npmjs.org/pg-types/-/pg-types-2.2.0.tgz",
			"integrity": "sha512-qTAAlrEsl8s4OiEQY69wDvcMIdQN6wdz5ojQiOy6YRMuynxenON0O5oCpJI6lshc6scgAY8qvJ2On/p+CXY0GA==",
			"dependencies": {
				"pg-int8": "1.0.1",
				"postgres-array": "~2.0.0",
				"postgres-bytea": "~1.0.0",
				"postgres-date": "~1.0.4",
				"postgres-interval": "^1.1.0"
			},
			"engines": {
				"node": ">=4"
			}
		},
		"node_modules/pgpass": {
			"version": "1.0.5",
			"resolved": "https://registry.npmjs.org/pgpass/-/pgpass-1.0.5.tgz",
			"integrity": "sha512-FdW9r/jQZhSeohs1Z3sI1yxFQNFvMcnmfuj4WBMUTxOrAyLMaTcE1aAMBiTlbMNaXvBCQuVi0R7hd8udDSP7ug==",
			"dependencies": {
				"split2": "^4.1.0"
			}
		},
		"node_modules/postgres-array": {
			"version": "2.0.0",
			"resolved": "https://registry.npmjs.org/postgres-array/-/postgres-array-2.0.0.tgz",
			"integrity": "sha512-VpZrUqU5A69eQyW2c5CA1jtLecCsN2U/bD6VilrFDWq5+5UIEVO7nazS3TEcHf1zuPYO/sqGvUvW62g86RXZuA==",
			"engines": {
				"node": ">=4"
			}
		},
		"node_modules/postgres-bytea": {
			"version": "1.0.0",
			"resolved": "https://registry.npmjs.org/postgres-bytea/-/postgres-bytea-1.0.0.tgz",
			"integrity": "sha512-xy3pmLuQqRBZBXDULy7KbaitYqLcmxigw14Q5sj8QBVLqEwXfeybIKVWiqAXTlcvdvb0+xkOtDbfQMOf4lST1w==",
			"engines": {
				"node": ">=0.10.0"
			}
		},
		"node_modules/postgres-date": {
			"version": "1.0.7",
			"resolved": "https://registry.npmjs.org/postgres-date/-/postgres-date-1.0.7.tgz",
			"integrity": "sha512-suDmjLVQg78nMK2UZ454hAG+OAW+HQPZ6n++TNDUX+L0+uUlLywnoxJKDou51Zm+zTCjrCl0Nq6J9C5hP9vK/Q==",
			"engines": {
				"node": ">=0.10.0"
			}
		},
		"node_modules/postgres-interval": {
			"version": "1.2.0",
			"resolved": "https://registry.npmjs.org/postgres-interval/-/postgres-interval-1.2.0.tgz",
			"integrity": "sha512-9ZhXKM/rw350N1ovuWHbGxnGh/SNJ4cnxHiM0rxE4VN41wsg8P8zWn9hv/buK00RP4WvlOyr/RBDiptyxVbkZQ==",
			"dependencies": {
				"xtend": "^4.0.0"
			},
			"engines": {
				"node": ">=0.10.0"
			}
		},
		"node_modules/postgres-range": {
			"version": "1.1.3",
			"resolved": "https://registry.npmjs.org/postgres-range/-/postgres-range-1.1.3.tgz",
			"integrity": "sha512-VdlZoocy5lCP0c/t66xAfclglEapXPCIVhqqJRncYpvbCgImF0w67aPKfbqUMr72tO2k5q0TdTZwCLjPTI6C9g=="
		},
		"node_modules/require-directory": {
			"version": "2.1.1",
			"resolved": "https://registry.npmjs.org/require-directory/-/require-directory-2.1.1.tgz",
			"integrity": "sha512-fGxEI7+wsG9xrvdjsrlmL22OMTTiHRwAMroiEeMgq8gzoLC/PQr7RsRDSTLUg/bZAZtF+TVIkHc6/4RIKrui+Q==",
			"engines": {
				"node": ">=0.10.0"
			}
		},
		"node_modules/source-map": {
			"version": "0.6.1",
			"resolved": "https://registry.npmjs.org/source-map/-/source-map-0.6.1.tgz",
			"integrity": "sha512-UjgapumWlbMhkBgzT7Ykc5YXUT46F0iKu8SGXq0bcwP5dz/h0Plj6enJqjz1Zbq2l5WaqYnrVbwWOWMyF3F47g==",
			"engines": {
				"node": ">=0.10.0"
			}
		},
		"node_modules/source-map-support": {
			"version": "0.5.21",
			"resolved": "https://registry.npmjs.org/source-map-support/-/source-map-support-0.5.21.tgz",
			"integrity": "sha512-uBHU3L3czsIyYXKX88fdrGovxdSCoTGDRZ6SYXtSRxLZUzHg5P/66Ht6uoUlHu9EZod+inXhKo3qQgwXUT/y1w==",
			"dependencies": {
				"buffer-from": "^1.0.0",
				"source-map": "^0.6.0"
			}
		},
		"node_modules/split2": {
			"version": "4.2.0",
			"resolved": "https://registry.npmjs.org/split2/-/split2-4.2.0.tgz",
			"integrity": "sha512-UcjcJOWknrNkF6PLX83qcHM6KHgVKNkV62Y8a5uYDVv9ydGQVwAHMKqHdJje1VTWpljG0WYpCDhrCdAOYH4TWg==",
			"engines": {
				"node": ">= 10.x"
			}
		},
		"node_modules/string-width": {
			"version": "4.2.3",
			"resolved": "https://registry.npmjs.org/string-width/-/string-width-4.2.3.tgz",
			"integrity": "sha512-wKyQRQpjJ0sIp62ErSZdGsjMJWsap5oRNihHhu6G7JVO/9jIB6UyevL+tXuOqrng8j/cxKTWyWUwvSTriiZz/g==",
			"dependencies": {
				"emoji-regex": "^8.0.0",
				"is-fullwidth-code-point": "^3.0.0",
				"strip-ansi": "^6.0.1"
			},
			"engines": {
				"node": ">=8"
			}
		},
		"node_modules/strip-ansi": {
			"version": "6.0.1",
			"resolved": "https://registry.npmjs.org/strip-ansi/-/strip-ansi-6.0.1.tgz",
			"integrity": "sha512-Y38VPSHcqkFrCpFnQ9vuSXmquuv5oXOKpGeT6aGrr3o3Gc9AlVa6JBfUSOCnbxGGZF+/0ooI7KrPuUSztUdU5A==",
			"dependencies": {
				"ansi-regex": "^5.0.1"
			},
			"engines": {
				"node": ">=8"
			}
		},
		"node_modules/ts-mixer": {
			"version": "6.0.4",
			"resolved": "https://registry.npmjs.org/ts-mixer/-/ts-mixer-6.0.4.tgz",
			"integrity": "sha512-ufKpbmrugz5Aou4wcr5Wc1UUFWOLhq+Fm6qa6P0w0K5Qw2yhaUoiWszhCVuNQyNwrlGiscHOmqYoAox1PtvgjA=="
		},
		"node_modules/tslib": {
			"version": "2.6.2",
			"resolved": "https://registry.npmjs.org/tslib/-/tslib-2.6.2.tgz",
			"integrity": "sha512-AEYxH93jGFPn/a2iVAwW87VuUIkR1FVUKB77NwMF7nBTDkDrrT/Hpt/IrCJ0QXhW27jTBDcf5ZY7w6RiqTMw2Q=="
		},
		"node_modules/twemoji": {
			"version": "14.0.2",
			"resolved": "https://registry.npmjs.org/twemoji/-/twemoji-14.0.2.tgz",
			"integrity": "sha512-BzOoXIe1QVdmsUmZ54xbEH+8AgtOKUiG53zO5vVP2iUu6h5u9lN15NcuS6te4OY96qx0H7JK9vjjl9WQbkTRuA==",
			"dependencies": {
				"fs-extra": "^8.0.1",
				"jsonfile": "^5.0.0",
				"twemoji-parser": "14.0.0",
				"universalify": "^0.1.2"
			}
		},
		"node_modules/twemoji-parser": {
			"version": "14.0.0",
			"resolved": "https://registry.npmjs.org/twemoji-parser/-/twemoji-parser-14.0.0.tgz",
			"integrity": "sha512-9DUOTGLOWs0pFWnh1p6NF+C3CkQ96PWmEFwhOVmT3WbecRC+68AIqpsnJXygfkFcp4aXbOp8Dwbhh/HQgvoRxA=="
		},
		"node_modules/undici": {
			"version": "6.13.0",
			"resolved": "https://registry.npmjs.org/undici/-/undici-6.13.0.tgz",
			"integrity": "sha512-Q2rtqmZWrbP8nePMq7mOJIN98M0fYvSgV89vwl/BQRT4mDOeY2GXZngfGpcBBhtky3woM7G24wZV3Q304Bv6cw==",
			"engines": {
				"node": ">=18.0"
			}
		},
		"node_modules/universalify": {
			"version": "0.1.2",
			"resolved": "https://registry.npmjs.org/universalify/-/universalify-0.1.2.tgz",
			"integrity": "sha512-rBJeI5CXAlmy1pV+617WB9J63U6XcazHHF2f2dbJix4XzpUF0RS3Zbj0FGIOCAva5P/d/GBOYaACQ1w+0azUkg==",
			"engines": {
				"node": ">= 4.0.0"
			}
		},
		"node_modules/wrap-ansi": {
			"version": "7.0.0",
			"resolved": "https://registry.npmjs.org/wrap-ansi/-/wrap-ansi-7.0.0.tgz",
			"integrity": "sha512-YVGIj2kamLSTxw6NsZjoBxfSwsn0ycdesmc4p+Q21c5zPuZ1pl+NfxVdxPtdHvmNVOQ6XSYG4AUtyt/Fi7D16Q==",
			"dependencies": {
				"ansi-styles": "^4.0.0",
				"string-width": "^4.1.0",
				"strip-ansi": "^6.0.0"
			},
			"engines": {
				"node": ">=10"
			},
			"funding": {
				"url": "https://github.com/chalk/wrap-ansi?sponsor=1"
			}
		},
		"node_modules/ws": {
			"version": "8.17.1",
			"resolved": "https://registry.npmjs.org/ws/-/ws-8.17.1.tgz",
			"integrity": "sha512-6XQFvXTkbfUOZOKKILFG1PDK2NDQs4azKQl26T0YS5CxqWLgXajbPZ+h4gZekJyRqFU8pvnbAbbs/3TgRPy+GQ==",
			"engines": {
				"node": ">=10.0.0"
			},
			"peerDependencies": {
				"bufferutil": "^4.0.1",
				"utf-8-validate": ">=5.0.2"
			},
			"peerDependenciesMeta": {
				"bufferutil": {
					"optional": true
				},
				"utf-8-validate": {
					"optional": true
				}
			}
		},
		"node_modules/xtend": {
			"version": "4.0.2",
			"resolved": "https://registry.npmjs.org/xtend/-/xtend-4.0.2.tgz",
			"integrity": "sha512-LKYU1iAXJXUgAXn9URjiu+MWhyUXHsvfp7mcuYm9dSUKK0/CjtrUwFAxD82/mCWbtLsGjFIad0wIsod4zrTAEQ==",
			"engines": {
				"node": ">=0.4"
			}
		},
		"node_modules/y18n": {
			"version": "5.0.8",
			"resolved": "https://registry.npmjs.org/y18n/-/y18n-5.0.8.tgz",
			"integrity": "sha512-0pfFzegeDWJHJIAmTLRP2DwHjdF5s7jo9tuztdQxAhINCdvS+3nGINqPd00AphqJR/0LhANUS6/+7SCb98YOfA==",
			"engines": {
				"node": ">=10"
			}
		},
		"node_modules/yargs": {
			"version": "17.3.1",
			"resolved": "https://registry.npmjs.org/yargs/-/yargs-17.3.1.tgz",
			"integrity": "sha512-WUANQeVgjLbNsEmGk20f+nlHgOqzRFpiGWVaBrYGYIGANIIu3lWjoyi0fNlFmJkvfhCZ6BXINe7/W2O2bV4iaA==",
			"dependencies": {
				"cliui": "^7.0.2",
				"escalade": "^3.1.1",
				"get-caller-file": "^2.0.5",
				"require-directory": "^2.1.1",
				"string-width": "^4.2.3",
				"y18n": "^5.0.5",
				"yargs-parser": "^21.0.0"
			},
			"engines": {
				"node": ">=12"
			}
		},
		"node_modules/yargs-parser": {
			"version": "21.1.1",
			"resolved": "https://registry.npmjs.org/yargs-parser/-/yargs-parser-21.1.1.tgz",
			"integrity": "sha512-tVpsJW7DdjecAiFpbIB1e3qxIQsE6NoPc5/eTdrbbIC4h0LVsWhnoa3g+m2HclBIujHzsxZ4VJVA+GUuc2/LBw==",
			"engines": {
				"node": ">=12"
			}
		}
	}
}
